// !$*UTF8*$!
{
	archiveVersion = 1;
	classes = {
	};
	objectVersion = 46;
	objects = {

/* Begin PBXBuildFile section */
		93E49BD8192E3C19008EF183 /* resource_common.bundle in Resources */ = {isa = PBXBuildFile; fileRef = 93E49BD7192E3C19008EF183 /* resource_common.bundle */; };
		93E49BDA192E3E8F008EF183 /* skin_default.bundle in Resources */ = {isa = PBXBuildFile; fileRef = 93E49BD9192E3E8F008EF183 /* skin_default.bundle */; };
		93E49C12192E55FC008EF183 /* NSDate+NSDateExt.m in Sources */ = {isa = PBXBuildFile; fileRef = 93E49BED192E55FC008EF183 /* NSDate+NSDateExt.m */; };
		93E49C13192E55FC008EF183 /* NSDictionary+NSDictionaryExt.m in Sources */ = {isa = PBXBuildFile; fileRef = 93E49BEF192E55FC008EF183 /* NSDictionary+NSDictionaryExt.m */; };
		93E49C14192E55FC008EF183 /* NSKeyedUnarchiver+ExceptionCatch.m in Sources */ = {isa = PBXBuildFile; fileRef = 93E49BF1192E55FC008EF183 /* NSKeyedUnarchiver+ExceptionCatch.m */; };
		93E49C15192E55FC008EF183 /* NSObject-ClassName.m in Sources */ = {isa = PBXBuildFile; fileRef = 93E49BF3192E55FC008EF183 /* NSObject-ClassName.m */; };
		93E49C17192E55FC008EF183 /* NSString+NSStringEx.m in Sources */ = {isa = PBXBuildFile; fileRef = 93E49BF7192E55FC008EF183 /* NSString+NSStringEx.m */; };
		93E49C19192E55FC008EF183 /* UIButton+Addictions.m in Sources */ = {isa = PBXBuildFile; fileRef = 93E49BFB192E55FC008EF183 /* UIButton+Addictions.m */; };
		93E49C1A192E55FC008EF183 /* UIButton+RHCUIButtonExt.m in Sources */ = {isa = PBXBuildFile; fileRef = 93E49BFD192E55FC008EF183 /* UIButton+RHCUIButtonExt.m */; };
		93E49C1B192E55FC008EF183 /* UIDevice+Addtional.m in Sources */ = {isa = PBXBuildFile; fileRef = 93E49BFF192E55FC008EF183 /* UIDevice+Addtional.m */; };
		93E49C1C192E55FC008EF183 /* UIDevice+UIDeviceExt.m in Sources */ = {isa = PBXBuildFile; fileRef = 93E49C01192E55FC008EF183 /* UIDevice+UIDeviceExt.m */; };
		93E49C1D192E55FC008EF183 /* UIImage+Addtional.m in Sources */ = {isa = PBXBuildFile; fileRef = 93E49C03192E55FC008EF183 /* UIImage+Addtional.m */; };
		93E49C1E192E55FC008EF183 /* UIImage-Extensions.m in Sources */ = {isa = PBXBuildFile; fileRef = 93E49C05192E55FC008EF183 /* UIImage-Extensions.m */; };
		93E49C1F192E55FC008EF183 /* UINavigationBar+Image.m in Sources */ = {isa = PBXBuildFile; fileRef = 93E49C07192E55FC008EF183 /* UINavigationBar+Image.m */; };
		93E49C21192E55FC008EF183 /* UITableViewAdditions.m in Sources */ = {isa = PBXBuildFile; fileRef = 93E49C0B192E55FC008EF183 /* UITableViewAdditions.m */; };
		93E49C22192E55FC008EF183 /* UIView+Additions.m in Sources */ = {isa = PBXBuildFile; fileRef = 93E49C0D192E55FC008EF183 /* UIView+Additions.m */; };
		93E49C23192E55FC008EF183 /* UIWindow+RscExt.m in Sources */ = {isa = PBXBuildFile; fileRef = 93E49C0F192E55FC008EF183 /* UIWindow+RscExt.m */; };
		93E49C2D192E5AB8008EF183 /* CJSONDeserializer.m in Sources */ = {isa = PBXBuildFile; fileRef = 93E49C27192E5AB8008EF183 /* CJSONDeserializer.m */; };
		93E49C2E192E5AB8008EF183 /* CJSONSerializer.m in Sources */ = {isa = PBXBuildFile; fileRef = 93E49C29192E5AB8008EF183 /* CJSONSerializer.m */; };
		93E49C2F192E5AB8008EF183 /* NSDictionary_JSONExtensions.m in Sources */ = {isa = PBXBuildFile; fileRef = 93E49C2C192E5AB8008EF183 /* NSDictionary_JSONExtensions.m */; };
		93E49C36192E5CC9008EF183 /* GTMBase64.m in Sources */ = {isa = PBXBuildFile; fileRef = 93E49C32192E5CC9008EF183 /* GTMBase64.m */; };
		93E49C37192E5CC9008EF183 /* GTMStackTrace.m in Sources */ = {isa = PBXBuildFile; fileRef = 93E49C35192E5CC9008EF183 /* GTMStackTrace.m */; };
		93EA2542192F428B00C36829 /* AFHTTPRequestOperation.m in Sources */ = {isa = PBXBuildFile; fileRef = 93EA2530192F428B00C36829 /* AFHTTPRequestOperation.m */; };
		93EA2543192F428B00C36829 /* AFHTTPRequestOperationManager.m in Sources */ = {isa = PBXBuildFile; fileRef = 93EA2532192F428B00C36829 /* AFHTTPRequestOperationManager.m */; };
		93EA2544192F428B00C36829 /* AFHTTPSessionManager.m in Sources */ = {isa = PBXBuildFile; fileRef = 93EA2534192F428B00C36829 /* AFHTTPSessionManager.m */; };
		93EA2545192F428B00C36829 /* AFNetworkReachabilityManager.m in Sources */ = {isa = PBXBuildFile; fileRef = 93EA2537192F428B00C36829 /* AFNetworkReachabilityManager.m */; };
		93EA2546192F428B00C36829 /* AFSecurityPolicy.m in Sources */ = {isa = PBXBuildFile; fileRef = 93EA2539192F428B00C36829 /* AFSecurityPolicy.m */; };
		93EA2547192F428B00C36829 /* AFURLConnectionOperation.m in Sources */ = {isa = PBXBuildFile; fileRef = 93EA253B192F428B00C36829 /* AFURLConnectionOperation.m */; };
		93EA2548192F428B00C36829 /* AFURLRequestSerialization.m in Sources */ = {isa = PBXBuildFile; fileRef = 93EA253D192F428B00C36829 /* AFURLRequestSerialization.m */; };
		93EA2549192F428B00C36829 /* AFURLResponseSerialization.m in Sources */ = {isa = PBXBuildFile; fileRef = 93EA253F192F428B00C36829 /* AFURLResponseSerialization.m */; };
		93EA254A192F428B00C36829 /* AFURLSessionManager.m in Sources */ = {isa = PBXBuildFile; fileRef = 93EA2541192F428B00C36829 /* AFURLSessionManager.m */; };
		93EA255F192F44BA00C36829 /* AFNetworkActivityIndicatorManager.m in Sources */ = {isa = PBXBuildFile; fileRef = 93EA254F192F44BA00C36829 /* AFNetworkActivityIndicatorManager.m */; };
		93EA2560192F44BA00C36829 /* UIActivityIndicatorView+AFNetworking.m in Sources */ = {isa = PBXBuildFile; fileRef = 93EA2551192F44BA00C36829 /* UIActivityIndicatorView+AFNetworking.m */; };
		93EA2561192F44BA00C36829 /* UIAlertView+AFNetworking.m in Sources */ = {isa = PBXBuildFile; fileRef = 93EA2553192F44BA00C36829 /* UIAlertView+AFNetworking.m */; };
		93EA2562192F44BA00C36829 /* UIButton+AFNetworking.m in Sources */ = {isa = PBXBuildFile; fileRef = 93EA2555192F44BA00C36829 /* UIButton+AFNetworking.m */; };
		93EA2563192F44BA00C36829 /* UIImageView+AFNetworking.m in Sources */ = {isa = PBXBuildFile; fileRef = 93EA2557192F44BA00C36829 /* UIImageView+AFNetworking.m */; };
		93EA2564192F44BA00C36829 /* UIProgressView+AFNetworking.m in Sources */ = {isa = PBXBuildFile; fileRef = 93EA255A192F44BA00C36829 /* UIProgressView+AFNetworking.m */; };
		93EA2565192F44BA00C36829 /* UIRefreshControl+AFNetworking.m in Sources */ = {isa = PBXBuildFile; fileRef = 93EA255C192F44BA00C36829 /* UIRefreshControl+AFNetworking.m */; };
		93EA2566192F44BA00C36829 /* UIWebView+AFNetworking.m in Sources */ = {isa = PBXBuildFile; fileRef = 93EA255E192F44BA00C36829 /* UIWebView+AFNetworking.m */; };
		93EA256B192F45BE00C36829 /* RNSettingManager.m in Sources */ = {isa = PBXBuildFile; fileRef = 93EA256A192F45BE00C36829 /* RNSettingManager.m */; };
		93EA2574192F465A00C36829 /* AppConfig.m in Sources */ = {isa = PBXBuildFile; fileRef = 93EA256D192F465A00C36829 /* AppConfig.m */; };
		93EA2575192F465A00C36829 /* AppContext.m in Sources */ = {isa = PBXBuildFile; fileRef = 93EA256F192F465A00C36829 /* AppContext.m */; };
		93EA2576192F465A00C36829 /* AppStartup.m in Sources */ = {isa = PBXBuildFile; fileRef = 93EA2571192F465A00C36829 /* AppStartup.m */; };
		93EA2577192F465A00C36829 /* AppUser.m in Sources */ = {isa = PBXBuildFile; fileRef = 93EA2573192F465A00C36829 /* AppUser.m */; };
		93EA257A192F48DD00C36829 /* AppNavigator.m in Sources */ = {isa = PBXBuildFile; fileRef = 93EA2579192F48DD00C36829 /* AppNavigator.m */; };
		93EA257D192F49AE00C36829 /* AppNavigationController.m in Sources */ = {isa = PBXBuildFile; fileRef = 93EA257C192F49AE00C36829 /* AppNavigationController.m */; };
		93EA2580192F4BC800C36829 /* AppKeyChain.m in Sources */ = {isa = PBXBuildFile; fileRef = 93EA257F192F4BC800C36829 /* AppKeyChain.m */; settings = {COMPILER_FLAGS = "-fno-objc-arc"; }; };
		93EA259B192F531200C36829 /* CLIColor.m in Sources */ = {isa = PBXBuildFile; fileRef = 93EA2585192F531200C36829 /* CLIColor.m */; };
		93EA259C192F531200C36829 /* DDAbstractDatabaseLogger.m in Sources */ = {isa = PBXBuildFile; fileRef = 93EA2587192F531200C36829 /* DDAbstractDatabaseLogger.m */; };
		93EA259D192F531200C36829 /* DDASLLogCapture.m in Sources */ = {isa = PBXBuildFile; fileRef = 93EA2589192F531200C36829 /* DDASLLogCapture.m */; };
		93EA259E192F531200C36829 /* DDASLLogger.m in Sources */ = {isa = PBXBuildFile; fileRef = 93EA258B192F531200C36829 /* DDASLLogger.m */; };
		93EA259F192F531200C36829 /* DDFileLogger.m in Sources */ = {isa = PBXBuildFile; fileRef = 93EA258D192F531200C36829 /* DDFileLogger.m */; };
		93EA25A0192F531200C36829 /* DDLog.m in Sources */ = {isa = PBXBuildFile; fileRef = 93EA2590192F531200C36829 /* DDLog.m */; };
		93EA25A1192F531200C36829 /* DDTTYLogger.m in Sources */ = {isa = PBXBuildFile; fileRef = 93EA2592192F531200C36829 /* DDTTYLogger.m */; };
		93EA25A2192F531200C36829 /* DDContextFilterLogFormatter.m in Sources */ = {isa = PBXBuildFile; fileRef = 93EA2595192F531200C36829 /* DDContextFilterLogFormatter.m */; };
		93EA25A3192F531200C36829 /* DDDispatchQueueLogFormatter.m in Sources */ = {isa = PBXBuildFile; fileRef = 93EA2597192F531200C36829 /* DDDispatchQueueLogFormatter.m */; };
		93EA25A4192F531200C36829 /* DDMultiFormatter.m in Sources */ = {isa = PBXBuildFile; fileRef = 93EA2599192F531200C36829 /* DDMultiFormatter.m */; };
		93EA25A5192F531200C36829 /* README.txt in Resources */ = {isa = PBXBuildFile; fileRef = 93EA259A192F531200C36829 /* README.txt */; };
		93EA25A8192F559500C36829 /* Configuration.m in Sources */ = {isa = PBXBuildFile; fileRef = 93EA25A7192F559500C36829 /* Configuration.m */; };
		93EEB58C192DF14100BC81CE /* Foundation.framework in Frameworks */ = {isa = PBXBuildFile; fileRef = 93EEB58B192DF14100BC81CE /* Foundation.framework */; };
		93EEB58E192DF14100BC81CE /* CoreGraphics.framework in Frameworks */ = {isa = PBXBuildFile; fileRef = 93EEB58D192DF14100BC81CE /* CoreGraphics.framework */; };
		93EEB590192DF14100BC81CE /* UIKit.framework in Frameworks */ = {isa = PBXBuildFile; fileRef = 93EEB58F192DF14100BC81CE /* UIKit.framework */; };
		93EEB596192DF14100BC81CE /* InfoPlist.strings in Resources */ = {isa = PBXBuildFile; fileRef = 93EEB594192DF14100BC81CE /* InfoPlist.strings */; };
		93EEB598192DF14100BC81CE /* main.m in Sources */ = {isa = PBXBuildFile; fileRef = 93EEB597192DF14100BC81CE /* main.m */; };
		93EEB59C192DF14100BC81CE /* SOLAppDelegate.m in Sources */ = {isa = PBXBuildFile; fileRef = 93EEB59B192DF14100BC81CE /* SOLAppDelegate.m */; };
		93EEB59F192DF14100BC81CE /* Main.storyboard in Resources */ = {isa = PBXBuildFile; fileRef = 93EEB59D192DF14100BC81CE /* Main.storyboard */; };
		93EEB5A2192DF14100BC81CE /* SOLViewController.m in Sources */ = {isa = PBXBuildFile; fileRef = 93EEB5A1192DF14100BC81CE /* SOLViewController.m */; };
		93EEB5A4192DF14100BC81CE /* Images.xcassets in Resources */ = {isa = PBXBuildFile; fileRef = 93EEB5A3192DF14100BC81CE /* Images.xcassets */; };
		93EEB5AB192DF14100BC81CE /* XCTest.framework in Frameworks */ = {isa = PBXBuildFile; fileRef = 93EEB5AA192DF14100BC81CE /* XCTest.framework */; };
		93EEB5AC192DF14100BC81CE /* Foundation.framework in Frameworks */ = {isa = PBXBuildFile; fileRef = 93EEB58B192DF14100BC81CE /* Foundation.framework */; };
		93EEB5AD192DF14100BC81CE /* UIKit.framework in Frameworks */ = {isa = PBXBuildFile; fileRef = 93EEB58F192DF14100BC81CE /* UIKit.framework */; };
		93EEB5B5192DF14100BC81CE /* InfoPlist.strings in Resources */ = {isa = PBXBuildFile; fileRef = 93EEB5B3192DF14100BC81CE /* InfoPlist.strings */; };
		93EEB5B7192DF14100BC81CE /* SolitonTests.m in Sources */ = {isa = PBXBuildFile; fileRef = 93EEB5B6192DF14100BC81CE /* SolitonTests.m */; };
		93EEB5D1192DF19100BC81CE /* HudHelper.m in Sources */ = {isa = PBXBuildFile; fileRef = 93EEB5C3192DF19100BC81CE /* HudHelper.m */; };
		93EEB5D2192DF19100BC81CE /* PKAnimation+PKType.m in Sources */ = {isa = PBXBuildFile; fileRef = 93EEB5C7192DF19100BC81CE /* PKAnimation+PKType.m */; };
		93EEB5D3192DF19100BC81CE /* UIColor+PKColor.m in Sources */ = {isa = PBXBuildFile; fileRef = 93EEB5C9192DF19100BC81CE /* UIColor+PKColor.m */; };
		93EEB5D4192DF19100BC81CE /* UIFont+PKFont.m in Sources */ = {isa = PBXBuildFile; fileRef = 93EEB5CB192DF19100BC81CE /* UIFont+PKFont.m */; };
		93EEB5D5192DF19100BC81CE /* UIImage+PKImage.m in Sources */ = {isa = PBXBuildFile; fileRef = 93EEB5CD192DF19100BC81CE /* UIImage+PKImage.m */; };
		93EEB5D6192DF19100BC81CE /* PKResManager.m in Sources */ = {isa = PBXBuildFile; fileRef = 93EEB5CF192DF19100BC81CE /* PKResManager.m */; };
		93EEB5DB192DF1F700BC81CE /* MBProgressHUD.m in Sources */ = {isa = PBXBuildFile; fileRef = 93EEB5DA192DF1F700BC81CE /* MBProgressHUD.m */; };
/* End PBXBuildFile section */

/* Begin PBXContainerItemProxy section */
		93EEB5AE192DF14100BC81CE /* PBXContainerItemProxy */ = {
			isa = PBXContainerItemProxy;
			containerPortal = 93EEB580192DF14100BC81CE /* Project object */;
			proxyType = 1;
			remoteGlobalIDString = 93EEB587192DF14100BC81CE;
			remoteInfo = Soliton;
		};
/* End PBXContainerItemProxy section */

/* Begin PBXFileReference section */
		93E49BD7192E3C19008EF183 /* resource_common.bundle */ = {isa = PBXFileReference; lastKnownFileType = "wrapper.plug-in"; path = resource_common.bundle; sourceTree = "<group>"; };
		93E49BD9192E3E8F008EF183 /* skin_default.bundle */ = {isa = PBXFileReference; lastKnownFileType = "wrapper.plug-in"; path = skin_default.bundle; sourceTree = "<group>"; };
		93E49BE7192E55FC008EF183 /* Addtional.h */ = {isa = PBXFileReference; fileEncoding = 4; lastKnownFileType = sourcecode.c.h; path = Addtional.h; sourceTree = "<group>"; };
		93E49BEC192E55FC008EF183 /* NSDate+NSDateExt.h */ = {isa = PBXFileReference; fileEncoding = 4; lastKnownFileType = sourcecode.c.h; path = "NSDate+NSDateExt.h"; sourceTree = "<group>"; };
		93E49BED192E55FC008EF183 /* NSDate+NSDateExt.m */ = {isa = PBXFileReference; fileEncoding = 4; lastKnownFileType = sourcecode.c.objc; path = "NSDate+NSDateExt.m"; sourceTree = "<group>"; };
		93E49BEE192E55FC008EF183 /* NSDictionary+NSDictionaryExt.h */ = {isa = PBXFileReference; fileEncoding = 4; lastKnownFileType = sourcecode.c.h; path = "NSDictionary+NSDictionaryExt.h"; sourceTree = "<group>"; };
		93E49BEF192E55FC008EF183 /* NSDictionary+NSDictionaryExt.m */ = {isa = PBXFileReference; fileEncoding = 4; lastKnownFileType = sourcecode.c.objc; path = "NSDictionary+NSDictionaryExt.m"; sourceTree = "<group>"; };
		93E49BF0192E55FC008EF183 /* NSKeyedUnarchiver+ExceptionCatch.h */ = {isa = PBXFileReference; fileEncoding = 4; lastKnownFileType = sourcecode.c.h; path = "NSKeyedUnarchiver+ExceptionCatch.h"; sourceTree = "<group>"; };
		93E49BF1192E55FC008EF183 /* NSKeyedUnarchiver+ExceptionCatch.m */ = {isa = PBXFileReference; fileEncoding = 4; lastKnownFileType = sourcecode.c.objc; path = "NSKeyedUnarchiver+ExceptionCatch.m"; sourceTree = "<group>"; };
		93E49BF2192E55FC008EF183 /* NSObject-ClassName.h */ = {isa = PBXFileReference; fileEncoding = 4; lastKnownFileType = sourcecode.c.h; path = "NSObject-ClassName.h"; sourceTree = "<group>"; };
		93E49BF3192E55FC008EF183 /* NSObject-ClassName.m */ = {isa = PBXFileReference; fileEncoding = 4; lastKnownFileType = sourcecode.c.objc; path = "NSObject-ClassName.m"; sourceTree = "<group>"; };
		93E49BF6192E55FC008EF183 /* NSString+NSStringEx.h */ = {isa = PBXFileReference; fileEncoding = 4; lastKnownFileType = sourcecode.c.h; path = "NSString+NSStringEx.h"; sourceTree = "<group>"; };
		93E49BF7192E55FC008EF183 /* NSString+NSStringEx.m */ = {isa = PBXFileReference; fileEncoding = 4; lastKnownFileType = sourcecode.c.objc; path = "NSString+NSStringEx.m"; sourceTree = "<group>"; };
		93E49BFA192E55FC008EF183 /* UIButton+Addictions.h */ = {isa = PBXFileReference; fileEncoding = 4; lastKnownFileType = sourcecode.c.h; path = "UIButton+Addictions.h"; sourceTree = "<group>"; };
		93E49BFB192E55FC008EF183 /* UIButton+Addictions.m */ = {isa = PBXFileReference; fileEncoding = 4; lastKnownFileType = sourcecode.c.objc; path = "UIButton+Addictions.m"; sourceTree = "<group>"; };
		93E49BFC192E55FC008EF183 /* UIButton+RHCUIButtonExt.h */ = {isa = PBXFileReference; fileEncoding = 4; lastKnownFileType = sourcecode.c.h; path = "UIButton+RHCUIButtonExt.h"; sourceTree = "<group>"; };
		93E49BFD192E55FC008EF183 /* UIButton+RHCUIButtonExt.m */ = {isa = PBXFileReference; fileEncoding = 4; lastKnownFileType = sourcecode.c.objc; path = "UIButton+RHCUIButtonExt.m"; sourceTree = "<group>"; };
		93E49BFE192E55FC008EF183 /* UIDevice+Addtional.h */ = {isa = PBXFileReference; fileEncoding = 4; lastKnownFileType = sourcecode.c.h; path = "UIDevice+Addtional.h"; sourceTree = "<group>"; };
		93E49BFF192E55FC008EF183 /* UIDevice+Addtional.m */ = {isa = PBXFileReference; fileEncoding = 4; lastKnownFileType = sourcecode.c.objc; path = "UIDevice+Addtional.m"; sourceTree = "<group>"; };
		93E49C00192E55FC008EF183 /* UIDevice+UIDeviceExt.h */ = {isa = PBXFileReference; fileEncoding = 4; lastKnownFileType = sourcecode.c.h; path = "UIDevice+UIDeviceExt.h"; sourceTree = "<group>"; };
		93E49C01192E55FC008EF183 /* UIDevice+UIDeviceExt.m */ = {isa = PBXFileReference; fileEncoding = 4; lastKnownFileType = sourcecode.c.objc; path = "UIDevice+UIDeviceExt.m"; sourceTree = "<group>"; };
		93E49C02192E55FC008EF183 /* UIImage+Addtional.h */ = {isa = PBXFileReference; fileEncoding = 4; lastKnownFileType = sourcecode.c.h; path = "UIImage+Addtional.h"; sourceTree = "<group>"; };
		93E49C03192E55FC008EF183 /* UIImage+Addtional.m */ = {isa = PBXFileReference; fileEncoding = 4; lastKnownFileType = sourcecode.c.objc; path = "UIImage+Addtional.m"; sourceTree = "<group>"; };
		93E49C04192E55FC008EF183 /* UIImage-Extensions.h */ = {isa = PBXFileReference; fileEncoding = 4; lastKnownFileType = sourcecode.c.h; path = "UIImage-Extensions.h"; sourceTree = "<group>"; };
		93E49C05192E55FC008EF183 /* UIImage-Extensions.m */ = {isa = PBXFileReference; fileEncoding = 4; lastKnownFileType = sourcecode.c.objc; path = "UIImage-Extensions.m"; sourceTree = "<group>"; };
		93E49C06192E55FC008EF183 /* UINavigationBar+Image.h */ = {isa = PBXFileReference; fileEncoding = 4; lastKnownFileType = sourcecode.c.h; path = "UINavigationBar+Image.h"; sourceTree = "<group>"; };
		93E49C07192E55FC008EF183 /* UINavigationBar+Image.m */ = {isa = PBXFileReference; fileEncoding = 4; lastKnownFileType = sourcecode.c.objc; path = "UINavigationBar+Image.m"; sourceTree = "<group>"; };
		93E49C0A192E55FC008EF183 /* UITableViewAdditions.h */ = {isa = PBXFileReference; fileEncoding = 4; lastKnownFileType = sourcecode.c.h; path = UITableViewAdditions.h; sourceTree = "<group>"; };
		93E49C0B192E55FC008EF183 /* UITableViewAdditions.m */ = {isa = PBXFileReference; fileEncoding = 4; lastKnownFileType = sourcecode.c.objc; path = UITableViewAdditions.m; sourceTree = "<group>"; };
		93E49C0C192E55FC008EF183 /* UIView+Additions.h */ = {isa = PBXFileReference; fileEncoding = 4; lastKnownFileType = sourcecode.c.h; path = "UIView+Additions.h"; sourceTree = "<group>"; };
		93E49C0D192E55FC008EF183 /* UIView+Additions.m */ = {isa = PBXFileReference; fileEncoding = 4; lastKnownFileType = sourcecode.c.objc; path = "UIView+Additions.m"; sourceTree = "<group>"; };
		93E49C0E192E55FC008EF183 /* UIWindow+RscExt.h */ = {isa = PBXFileReference; fileEncoding = 4; lastKnownFileType = sourcecode.c.h; path = "UIWindow+RscExt.h"; sourceTree = "<group>"; };
		93E49C0F192E55FC008EF183 /* UIWindow+RscExt.m */ = {isa = PBXFileReference; fileEncoding = 4; lastKnownFileType = sourcecode.c.objc; path = "UIWindow+RscExt.m"; sourceTree = "<group>"; };
		93E49C24192E57D1008EF183 /* Defines.h */ = {isa = PBXFileReference; fileEncoding = 4; lastKnownFileType = sourcecode.c.h; path = Defines.h; sourceTree = "<group>"; };
		93E49C26192E5AB8008EF183 /* CJSONDeserializer.h */ = {isa = PBXFileReference; fileEncoding = 4; lastKnownFileType = sourcecode.c.h; path = CJSONDeserializer.h; sourceTree = "<group>"; };
		93E49C27192E5AB8008EF183 /* CJSONDeserializer.m */ = {isa = PBXFileReference; fileEncoding = 4; lastKnownFileType = sourcecode.c.objc; path = CJSONDeserializer.m; sourceTree = "<group>"; };
		93E49C28192E5AB8008EF183 /* CJSONSerializer.h */ = {isa = PBXFileReference; fileEncoding = 4; lastKnownFileType = sourcecode.c.h; path = CJSONSerializer.h; sourceTree = "<group>"; };
		93E49C29192E5AB8008EF183 /* CJSONSerializer.m */ = {isa = PBXFileReference; fileEncoding = 4; lastKnownFileType = sourcecode.c.objc; path = CJSONSerializer.m; sourceTree = "<group>"; };
		93E49C2A192E5AB8008EF183 /* JSONRepresentation.h */ = {isa = PBXFileReference; fileEncoding = 4; lastKnownFileType = sourcecode.c.h; path = JSONRepresentation.h; sourceTree = "<group>"; };
		93E49C2B192E5AB8008EF183 /* NSDictionary_JSONExtensions.h */ = {isa = PBXFileReference; fileEncoding = 4; lastKnownFileType = sourcecode.c.h; path = NSDictionary_JSONExtensions.h; sourceTree = "<group>"; };
		93E49C2C192E5AB8008EF183 /* NSDictionary_JSONExtensions.m */ = {isa = PBXFileReference; fileEncoding = 4; lastKnownFileType = sourcecode.c.objc; path = NSDictionary_JSONExtensions.m; sourceTree = "<group>"; };
		93E49C31192E5CC9008EF183 /* GTMBase64.h */ = {isa = PBXFileReference; fileEncoding = 4; lastKnownFileType = sourcecode.c.h; path = GTMBase64.h; sourceTree = "<group>"; };
		93E49C32192E5CC9008EF183 /* GTMBase64.m */ = {isa = PBXFileReference; fileEncoding = 4; lastKnownFileType = sourcecode.c.objc; path = GTMBase64.m; sourceTree = "<group>"; };
		93E49C33192E5CC9008EF183 /* GTMDefines.h */ = {isa = PBXFileReference; fileEncoding = 4; lastKnownFileType = sourcecode.c.h; path = GTMDefines.h; sourceTree = "<group>"; };
		93E49C34192E5CC9008EF183 /* GTMStackTrace.h */ = {isa = PBXFileReference; fileEncoding = 4; lastKnownFileType = sourcecode.c.h; path = GTMStackTrace.h; sourceTree = "<group>"; };
		93E49C35192E5CC9008EF183 /* GTMStackTrace.m */ = {isa = PBXFileReference; fileEncoding = 4; lastKnownFileType = sourcecode.c.objc; path = GTMStackTrace.m; sourceTree = "<group>"; };
		93EA252F192F428B00C36829 /* AFHTTPRequestOperation.h */ = {isa = PBXFileReference; fileEncoding = 4; lastKnownFileType = sourcecode.c.h; path = AFHTTPRequestOperation.h; sourceTree = "<group>"; };
		93EA2530192F428B00C36829 /* AFHTTPRequestOperation.m */ = {isa = PBXFileReference; fileEncoding = 4; lastKnownFileType = sourcecode.c.objc; path = AFHTTPRequestOperation.m; sourceTree = "<group>"; };
		93EA2531192F428B00C36829 /* AFHTTPRequestOperationManager.h */ = {isa = PBXFileReference; fileEncoding = 4; lastKnownFileType = sourcecode.c.h; path = AFHTTPRequestOperationManager.h; sourceTree = "<group>"; };
		93EA2532192F428B00C36829 /* AFHTTPRequestOperationManager.m */ = {isa = PBXFileReference; fileEncoding = 4; lastKnownFileType = sourcecode.c.objc; path = AFHTTPRequestOperationManager.m; sourceTree = "<group>"; };
		93EA2533192F428B00C36829 /* AFHTTPSessionManager.h */ = {isa = PBXFileReference; fileEncoding = 4; lastKnownFileType = sourcecode.c.h; path = AFHTTPSessionManager.h; sourceTree = "<group>"; };
		93EA2534192F428B00C36829 /* AFHTTPSessionManager.m */ = {isa = PBXFileReference; fileEncoding = 4; lastKnownFileType = sourcecode.c.objc; path = AFHTTPSessionManager.m; sourceTree = "<group>"; };
		93EA2535192F428B00C36829 /* AFNetworking.h */ = {isa = PBXFileReference; fileEncoding = 4; lastKnownFileType = sourcecode.c.h; path = AFNetworking.h; sourceTree = "<group>"; };
		93EA2536192F428B00C36829 /* AFNetworkReachabilityManager.h */ = {isa = PBXFileReference; fileEncoding = 4; lastKnownFileType = sourcecode.c.h; path = AFNetworkReachabilityManager.h; sourceTree = "<group>"; };
		93EA2537192F428B00C36829 /* AFNetworkReachabilityManager.m */ = {isa = PBXFileReference; fileEncoding = 4; lastKnownFileType = sourcecode.c.objc; path = AFNetworkReachabilityManager.m; sourceTree = "<group>"; };
		93EA2538192F428B00C36829 /* AFSecurityPolicy.h */ = {isa = PBXFileReference; fileEncoding = 4; lastKnownFileType = sourcecode.c.h; path = AFSecurityPolicy.h; sourceTree = "<group>"; };
		93EA2539192F428B00C36829 /* AFSecurityPolicy.m */ = {isa = PBXFileReference; fileEncoding = 4; lastKnownFileType = sourcecode.c.objc; path = AFSecurityPolicy.m; sourceTree = "<group>"; };
		93EA253A192F428B00C36829 /* AFURLConnectionOperation.h */ = {isa = PBXFileReference; fileEncoding = 4; lastKnownFileType = sourcecode.c.h; path = AFURLConnectionOperation.h; sourceTree = "<group>"; };
		93EA253B192F428B00C36829 /* AFURLConnectionOperation.m */ = {isa = PBXFileReference; fileEncoding = 4; lastKnownFileType = sourcecode.c.objc; path = AFURLConnectionOperation.m; sourceTree = "<group>"; };
		93EA253C192F428B00C36829 /* AFURLRequestSerialization.h */ = {isa = PBXFileReference; fileEncoding = 4; lastKnownFileType = sourcecode.c.h; path = AFURLRequestSerialization.h; sourceTree = "<group>"; };
		93EA253D192F428B00C36829 /* AFURLRequestSerialization.m */ = {isa = PBXFileReference; fileEncoding = 4; lastKnownFileType = sourcecode.c.objc; path = AFURLRequestSerialization.m; sourceTree = "<group>"; };
		93EA253E192F428B00C36829 /* AFURLResponseSerialization.h */ = {isa = PBXFileReference; fileEncoding = 4; lastKnownFileType = sourcecode.c.h; path = AFURLResponseSerialization.h; sourceTree = "<group>"; };
		93EA253F192F428B00C36829 /* AFURLResponseSerialization.m */ = {isa = PBXFileReference; fileEncoding = 4; lastKnownFileType = sourcecode.c.objc; path = AFURLResponseSerialization.m; sourceTree = "<group>"; };
		93EA2540192F428B00C36829 /* AFURLSessionManager.h */ = {isa = PBXFileReference; fileEncoding = 4; lastKnownFileType = sourcecode.c.h; path = AFURLSessionManager.h; sourceTree = "<group>"; };
		93EA2541192F428B00C36829 /* AFURLSessionManager.m */ = {isa = PBXFileReference; fileEncoding = 4; lastKnownFileType = sourcecode.c.objc; path = AFURLSessionManager.m; sourceTree = "<group>"; };
		93EA254E192F44BA00C36829 /* AFNetworkActivityIndicatorManager.h */ = {isa = PBXFileReference; fileEncoding = 4; lastKnownFileType = sourcecode.c.h; path = AFNetworkActivityIndicatorManager.h; sourceTree = "<group>"; };
		93EA254F192F44BA00C36829 /* AFNetworkActivityIndicatorManager.m */ = {isa = PBXFileReference; fileEncoding = 4; lastKnownFileType = sourcecode.c.objc; path = AFNetworkActivityIndicatorManager.m; sourceTree = "<group>"; };
		93EA2550192F44BA00C36829 /* UIActivityIndicatorView+AFNetworking.h */ = {isa = PBXFileReference; fileEncoding = 4; lastKnownFileType = sourcecode.c.h; path = "UIActivityIndicatorView+AFNetworking.h"; sourceTree = "<group>"; };
		93EA2551192F44BA00C36829 /* UIActivityIndicatorView+AFNetworking.m */ = {isa = PBXFileReference; fileEncoding = 4; lastKnownFileType = sourcecode.c.objc; path = "UIActivityIndicatorView+AFNetworking.m"; sourceTree = "<group>"; };
		93EA2552192F44BA00C36829 /* UIAlertView+AFNetworking.h */ = {isa = PBXFileReference; fileEncoding = 4; lastKnownFileType = sourcecode.c.h; path = "UIAlertView+AFNetworking.h"; sourceTree = "<group>"; };
		93EA2553192F44BA00C36829 /* UIAlertView+AFNetworking.m */ = {isa = PBXFileReference; fileEncoding = 4; lastKnownFileType = sourcecode.c.objc; path = "UIAlertView+AFNetworking.m"; sourceTree = "<group>"; };
		93EA2554192F44BA00C36829 /* UIButton+AFNetworking.h */ = {isa = PBXFileReference; fileEncoding = 4; lastKnownFileType = sourcecode.c.h; path = "UIButton+AFNetworking.h"; sourceTree = "<group>"; };
		93EA2555192F44BA00C36829 /* UIButton+AFNetworking.m */ = {isa = PBXFileReference; fileEncoding = 4; lastKnownFileType = sourcecode.c.objc; path = "UIButton+AFNetworking.m"; sourceTree = "<group>"; };
		93EA2556192F44BA00C36829 /* UIImageView+AFNetworking.h */ = {isa = PBXFileReference; fileEncoding = 4; lastKnownFileType = sourcecode.c.h; path = "UIImageView+AFNetworking.h"; sourceTree = "<group>"; };
		93EA2557192F44BA00C36829 /* UIImageView+AFNetworking.m */ = {isa = PBXFileReference; fileEncoding = 4; lastKnownFileType = sourcecode.c.objc; path = "UIImageView+AFNetworking.m"; sourceTree = "<group>"; };
		93EA2558192F44BA00C36829 /* UIKit+AFNetworking.h */ = {isa = PBXFileReference; fileEncoding = 4; lastKnownFileType = sourcecode.c.h; path = "UIKit+AFNetworking.h"; sourceTree = "<group>"; };
		93EA2559192F44BA00C36829 /* UIProgressView+AFNetworking.h */ = {isa = PBXFileReference; fileEncoding = 4; lastKnownFileType = sourcecode.c.h; path = "UIProgressView+AFNetworking.h"; sourceTree = "<group>"; };
		93EA255A192F44BA00C36829 /* UIProgressView+AFNetworking.m */ = {isa = PBXFileReference; fileEncoding = 4; lastKnownFileType = sourcecode.c.objc; path = "UIProgressView+AFNetworking.m"; sourceTree = "<group>"; };
		93EA255B192F44BA00C36829 /* UIRefreshControl+AFNetworking.h */ = {isa = PBXFileReference; fileEncoding = 4; lastKnownFileType = sourcecode.c.h; path = "UIRefreshControl+AFNetworking.h"; sourceTree = "<group>"; };
		93EA255C192F44BA00C36829 /* UIRefreshControl+AFNetworking.m */ = {isa = PBXFileReference; fileEncoding = 4; lastKnownFileType = sourcecode.c.objc; path = "UIRefreshControl+AFNetworking.m"; sourceTree = "<group>"; };
		93EA255D192F44BA00C36829 /* UIWebView+AFNetworking.h */ = {isa = PBXFileReference; fileEncoding = 4; lastKnownFileType = sourcecode.c.h; path = "UIWebView+AFNetworking.h"; sourceTree = "<group>"; };
		93EA255E192F44BA00C36829 /* UIWebView+AFNetworking.m */ = {isa = PBXFileReference; fileEncoding = 4; lastKnownFileType = sourcecode.c.objc; path = "UIWebView+AFNetworking.m"; sourceTree = "<group>"; };
		93EA2569192F45BE00C36829 /* RNSettingManager.h */ = {isa = PBXFileReference; fileEncoding = 4; lastKnownFileType = sourcecode.c.h; path = RNSettingManager.h; sourceTree = "<group>"; };
		93EA256A192F45BE00C36829 /* RNSettingManager.m */ = {isa = PBXFileReference; fileEncoding = 4; lastKnownFileType = sourcecode.c.objc; path = RNSettingManager.m; sourceTree = "<group>"; };
		93EA256C192F465A00C36829 /* AppConfig.h */ = {isa = PBXFileReference; fileEncoding = 4; lastKnownFileType = sourcecode.c.h; path = AppConfig.h; sourceTree = "<group>"; };
		93EA256D192F465A00C36829 /* AppConfig.m */ = {isa = PBXFileReference; fileEncoding = 4; lastKnownFileType = sourcecode.c.objc; path = AppConfig.m; sourceTree = "<group>"; };
		93EA256E192F465A00C36829 /* AppContext.h */ = {isa = PBXFileReference; fileEncoding = 4; lastKnownFileType = sourcecode.c.h; path = AppContext.h; sourceTree = "<group>"; };
		93EA256F192F465A00C36829 /* AppContext.m */ = {isa = PBXFileReference; fileEncoding = 4; lastKnownFileType = sourcecode.c.objc; path = AppContext.m; sourceTree = "<group>"; };
		93EA2570192F465A00C36829 /* AppStartup.h */ = {isa = PBXFileReference; fileEncoding = 4; lastKnownFileType = sourcecode.c.h; path = AppStartup.h; sourceTree = "<group>"; };
		93EA2571192F465A00C36829 /* AppStartup.m */ = {isa = PBXFileReference; fileEncoding = 4; lastKnownFileType = sourcecode.c.objc; path = AppStartup.m; sourceTree = "<group>"; };
		93EA2572192F465A00C36829 /* AppUser.h */ = {isa = PBXFileReference; fileEncoding = 4; lastKnownFileType = sourcecode.c.h; path = AppUser.h; sourceTree = "<group>"; };
		93EA2573192F465A00C36829 /* AppUser.m */ = {isa = PBXFileReference; fileEncoding = 4; lastKnownFileType = sourcecode.c.objc; path = AppUser.m; sourceTree = "<group>"; };
		93EA2578192F48DD00C36829 /* AppNavigator.h */ = {isa = PBXFileReference; fileEncoding = 4; lastKnownFileType = sourcecode.c.h; path = AppNavigator.h; sourceTree = "<group>"; };
		93EA2579192F48DD00C36829 /* AppNavigator.m */ = {isa = PBXFileReference; fileEncoding = 4; lastKnownFileType = sourcecode.c.objc; path = AppNavigator.m; sourceTree = "<group>"; };
		93EA257B192F49AE00C36829 /* AppNavigationController.h */ = {isa = PBXFileReference; fileEncoding = 4; lastKnownFileType = sourcecode.c.h; path = AppNavigationController.h; sourceTree = "<group>"; };
		93EA257C192F49AE00C36829 /* AppNavigationController.m */ = {isa = PBXFileReference; fileEncoding = 4; lastKnownFileType = sourcecode.c.objc; path = AppNavigationController.m; sourceTree = "<group>"; };
		93EA257E192F4BC800C36829 /* AppKeyChain.h */ = {isa = PBXFileReference; fileEncoding = 4; lastKnownFileType = sourcecode.c.h; path = AppKeyChain.h; sourceTree = "<group>"; };
		93EA257F192F4BC800C36829 /* AppKeyChain.m */ = {isa = PBXFileReference; fileEncoding = 4; lastKnownFileType = sourcecode.c.objc; path = AppKeyChain.m; sourceTree = "<group>"; };
		93EA2584192F531200C36829 /* CLIColor.h */ = {isa = PBXFileReference; fileEncoding = 4; lastKnownFileType = sourcecode.c.h; path = CLIColor.h; sourceTree = "<group>"; };
		93EA2585192F531200C36829 /* CLIColor.m */ = {isa = PBXFileReference; fileEncoding = 4; lastKnownFileType = sourcecode.c.objc; path = CLIColor.m; sourceTree = "<group>"; };
		93EA2586192F531200C36829 /* DDAbstractDatabaseLogger.h */ = {isa = PBXFileReference; fileEncoding = 4; lastKnownFileType = sourcecode.c.h; path = DDAbstractDatabaseLogger.h; sourceTree = "<group>"; };
		93EA2587192F531200C36829 /* DDAbstractDatabaseLogger.m */ = {isa = PBXFileReference; fileEncoding = 4; lastKnownFileType = sourcecode.c.objc; path = DDAbstractDatabaseLogger.m; sourceTree = "<group>"; };
		93EA2588192F531200C36829 /* DDASLLogCapture.h */ = {isa = PBXFileReference; fileEncoding = 4; lastKnownFileType = sourcecode.c.h; path = DDASLLogCapture.h; sourceTree = "<group>"; };
		93EA2589192F531200C36829 /* DDASLLogCapture.m */ = {isa = PBXFileReference; fileEncoding = 4; lastKnownFileType = sourcecode.c.objc; path = DDASLLogCapture.m; sourceTree = "<group>"; };
		93EA258A192F531200C36829 /* DDASLLogger.h */ = {isa = PBXFileReference; fileEncoding = 4; lastKnownFileType = sourcecode.c.h; path = DDASLLogger.h; sourceTree = "<group>"; };
		93EA258B192F531200C36829 /* DDASLLogger.m */ = {isa = PBXFileReference; fileEncoding = 4; lastKnownFileType = sourcecode.c.objc; path = DDASLLogger.m; sourceTree = "<group>"; };
		93EA258C192F531200C36829 /* DDFileLogger.h */ = {isa = PBXFileReference; fileEncoding = 4; lastKnownFileType = sourcecode.c.h; path = DDFileLogger.h; sourceTree = "<group>"; };
		93EA258D192F531200C36829 /* DDFileLogger.m */ = {isa = PBXFileReference; fileEncoding = 4; lastKnownFileType = sourcecode.c.objc; path = DDFileLogger.m; sourceTree = "<group>"; };
		93EA258E192F531200C36829 /* DDLog+LOGV.h */ = {isa = PBXFileReference; fileEncoding = 4; lastKnownFileType = sourcecode.c.h; path = "DDLog+LOGV.h"; sourceTree = "<group>"; };
		93EA258F192F531200C36829 /* DDLog.h */ = {isa = PBXFileReference; fileEncoding = 4; lastKnownFileType = sourcecode.c.h; path = DDLog.h; sourceTree = "<group>"; };
		93EA2590192F531200C36829 /* DDLog.m */ = {isa = PBXFileReference; fileEncoding = 4; lastKnownFileType = sourcecode.c.objc; path = DDLog.m; sourceTree = "<group>"; };
		93EA2591192F531200C36829 /* DDTTYLogger.h */ = {isa = PBXFileReference; fileEncoding = 4; lastKnownFileType = sourcecode.c.h; path = DDTTYLogger.h; sourceTree = "<group>"; };
		93EA2592192F531200C36829 /* DDTTYLogger.m */ = {isa = PBXFileReference; fileEncoding = 4; lastKnownFileType = sourcecode.c.objc; path = DDTTYLogger.m; sourceTree = "<group>"; };
		93EA2594192F531200C36829 /* DDContextFilterLogFormatter.h */ = {isa = PBXFileReference; fileEncoding = 4; lastKnownFileType = sourcecode.c.h; path = DDContextFilterLogFormatter.h; sourceTree = "<group>"; };
		93EA2595192F531200C36829 /* DDContextFilterLogFormatter.m */ = {isa = PBXFileReference; fileEncoding = 4; lastKnownFileType = sourcecode.c.objc; path = DDContextFilterLogFormatter.m; sourceTree = "<group>"; };
		93EA2596192F531200C36829 /* DDDispatchQueueLogFormatter.h */ = {isa = PBXFileReference; fileEncoding = 4; lastKnownFileType = sourcecode.c.h; path = DDDispatchQueueLogFormatter.h; sourceTree = "<group>"; };
		93EA2597192F531200C36829 /* DDDispatchQueueLogFormatter.m */ = {isa = PBXFileReference; fileEncoding = 4; lastKnownFileType = sourcecode.c.objc; path = DDDispatchQueueLogFormatter.m; sourceTree = "<group>"; };
		93EA2598192F531200C36829 /* DDMultiFormatter.h */ = {isa = PBXFileReference; fileEncoding = 4; lastKnownFileType = sourcecode.c.h; path = DDMultiFormatter.h; sourceTree = "<group>"; };
		93EA2599192F531200C36829 /* DDMultiFormatter.m */ = {isa = PBXFileReference; fileEncoding = 4; lastKnownFileType = sourcecode.c.objc; path = DDMultiFormatter.m; sourceTree = "<group>"; };
		93EA259A192F531200C36829 /* README.txt */ = {isa = PBXFileReference; fileEncoding = 4; lastKnownFileType = text; path = README.txt; sourceTree = "<group>"; };
		93EA25A6192F559500C36829 /* Configuration.h */ = {isa = PBXFileReference; fileEncoding = 4; lastKnownFileType = sourcecode.c.h; path = Configuration.h; sourceTree = "<group>"; };
		93EA25A7192F559500C36829 /* Configuration.m */ = {isa = PBXFileReference; fileEncoding = 4; lastKnownFileType = sourcecode.c.objc; path = Configuration.m; sourceTree = "<group>"; };
		93EEB588192DF14100BC81CE /* Soliton.app */ = {isa = PBXFileReference; explicitFileType = wrapper.application; includeInIndex = 0; path = Soliton.app; sourceTree = BUILT_PRODUCTS_DIR; };
		93EEB58B192DF14100BC81CE /* Foundation.framework */ = {isa = PBXFileReference; lastKnownFileType = wrapper.framework; name = Foundation.framework; path = System/Library/Frameworks/Foundation.framework; sourceTree = SDKROOT; };
		93EEB58D192DF14100BC81CE /* CoreGraphics.framework */ = {isa = PBXFileReference; lastKnownFileType = wrapper.framework; name = CoreGraphics.framework; path = System/Library/Frameworks/CoreGraphics.framework; sourceTree = SDKROOT; };
		93EEB58F192DF14100BC81CE /* UIKit.framework */ = {isa = PBXFileReference; lastKnownFileType = wrapper.framework; name = UIKit.framework; path = System/Library/Frameworks/UIKit.framework; sourceTree = SDKROOT; };
		93EEB593192DF14100BC81CE /* Soliton-Info.plist */ = {isa = PBXFileReference; lastKnownFileType = text.plist.xml; path = "Soliton-Info.plist"; sourceTree = "<group>"; };
		93EEB595192DF14100BC81CE /* en */ = {isa = PBXFileReference; lastKnownFileType = text.plist.strings; name = en; path = en.lproj/InfoPlist.strings; sourceTree = "<group>"; };
		93EEB597192DF14100BC81CE /* main.m */ = {isa = PBXFileReference; lastKnownFileType = sourcecode.c.objc; path = main.m; sourceTree = "<group>"; };
		93EEB599192DF14100BC81CE /* Soliton-Prefix.pch */ = {isa = PBXFileReference; lastKnownFileType = sourcecode.c.h; path = "Soliton-Prefix.pch"; sourceTree = "<group>"; };
		93EEB59A192DF14100BC81CE /* SOLAppDelegate.h */ = {isa = PBXFileReference; lastKnownFileType = sourcecode.c.h; path = SOLAppDelegate.h; sourceTree = "<group>"; };
		93EEB59B192DF14100BC81CE /* SOLAppDelegate.m */ = {isa = PBXFileReference; lastKnownFileType = sourcecode.c.objc; path = SOLAppDelegate.m; sourceTree = "<group>"; };
		93EEB59E192DF14100BC81CE /* Base */ = {isa = PBXFileReference; lastKnownFileType = file.storyboard; name = Base; path = Base.lproj/Main.storyboard; sourceTree = "<group>"; };
		93EEB5A0192DF14100BC81CE /* SOLViewController.h */ = {isa = PBXFileReference; lastKnownFileType = sourcecode.c.h; path = SOLViewController.h; sourceTree = "<group>"; };
		93EEB5A1192DF14100BC81CE /* SOLViewController.m */ = {isa = PBXFileReference; lastKnownFileType = sourcecode.c.objc; path = SOLViewController.m; sourceTree = "<group>"; };
		93EEB5A3192DF14100BC81CE /* Images.xcassets */ = {isa = PBXFileReference; lastKnownFileType = folder.assetcatalog; path = Images.xcassets; sourceTree = "<group>"; };
		93EEB5A9192DF14100BC81CE /* SolitonTests.xctest */ = {isa = PBXFileReference; explicitFileType = wrapper.cfbundle; includeInIndex = 0; path = SolitonTests.xctest; sourceTree = BUILT_PRODUCTS_DIR; };
		93EEB5AA192DF14100BC81CE /* XCTest.framework */ = {isa = PBXFileReference; lastKnownFileType = wrapper.framework; name = XCTest.framework; path = Library/Frameworks/XCTest.framework; sourceTree = DEVELOPER_DIR; };
		93EEB5B2192DF14100BC81CE /* SolitonTests-Info.plist */ = {isa = PBXFileReference; lastKnownFileType = text.plist.xml; path = "SolitonTests-Info.plist"; sourceTree = "<group>"; };
		93EEB5B4192DF14100BC81CE /* en */ = {isa = PBXFileReference; lastKnownFileType = text.plist.strings; name = en; path = en.lproj/InfoPlist.strings; sourceTree = "<group>"; };
		93EEB5B6192DF14100BC81CE /* SolitonTests.m */ = {isa = PBXFileReference; lastKnownFileType = sourcecode.c.objc; path = SolitonTests.m; sourceTree = "<group>"; };
		93EEB5C2192DF19100BC81CE /* HudHelper.h */ = {isa = PBXFileReference; fileEncoding = 4; lastKnownFileType = sourcecode.c.h; path = HudHelper.h; sourceTree = "<group>"; };
		93EEB5C3192DF19100BC81CE /* HudHelper.m */ = {isa = PBXFileReference; fileEncoding = 4; lastKnownFileType = sourcecode.c.objc; path = HudHelper.m; sourceTree = "<group>"; };
		93EEB5C6192DF19100BC81CE /* PKAnimation+PKType.h */ = {isa = PBXFileReference; fileEncoding = 4; lastKnownFileType = sourcecode.c.h; path = "PKAnimation+PKType.h"; sourceTree = "<group>"; };
		93EEB5C7192DF19100BC81CE /* PKAnimation+PKType.m */ = {isa = PBXFileReference; fileEncoding = 4; lastKnownFileType = sourcecode.c.objc; path = "PKAnimation+PKType.m"; sourceTree = "<group>"; };
		93EEB5C8192DF19100BC81CE /* UIColor+PKColor.h */ = {isa = PBXFileReference; fileEncoding = 4; lastKnownFileType = sourcecode.c.h; path = "UIColor+PKColor.h"; sourceTree = "<group>"; };
		93EEB5C9192DF19100BC81CE /* UIColor+PKColor.m */ = {isa = PBXFileReference; fileEncoding = 4; lastKnownFileType = sourcecode.c.objc; path = "UIColor+PKColor.m"; sourceTree = "<group>"; };
		93EEB5CA192DF19100BC81CE /* UIFont+PKFont.h */ = {isa = PBXFileReference; fileEncoding = 4; lastKnownFileType = sourcecode.c.h; path = "UIFont+PKFont.h"; sourceTree = "<group>"; };
		93EEB5CB192DF19100BC81CE /* UIFont+PKFont.m */ = {isa = PBXFileReference; fileEncoding = 4; lastKnownFileType = sourcecode.c.objc; path = "UIFont+PKFont.m"; sourceTree = "<group>"; };
		93EEB5CC192DF19100BC81CE /* UIImage+PKImage.h */ = {isa = PBXFileReference; fileEncoding = 4; lastKnownFileType = sourcecode.c.h; path = "UIImage+PKImage.h"; sourceTree = "<group>"; };
		93EEB5CD192DF19100BC81CE /* UIImage+PKImage.m */ = {isa = PBXFileReference; fileEncoding = 4; lastKnownFileType = sourcecode.c.objc; path = "UIImage+PKImage.m"; sourceTree = "<group>"; };
		93EEB5CE192DF19100BC81CE /* PKResManager.h */ = {isa = PBXFileReference; fileEncoding = 4; lastKnownFileType = sourcecode.c.h; path = PKResManager.h; sourceTree = "<group>"; };
		93EEB5CF192DF19100BC81CE /* PKResManager.m */ = {isa = PBXFileReference; fileEncoding = 4; lastKnownFileType = sourcecode.c.objc; path = PKResManager.m; sourceTree = "<group>"; };
		93EEB5D0192DF19100BC81CE /* PKResManagerKit.h */ = {isa = PBXFileReference; fileEncoding = 4; lastKnownFileType = sourcecode.c.h; path = PKResManagerKit.h; sourceTree = "<group>"; };
		93EEB5D9192DF1F700BC81CE /* MBProgressHUD.h */ = {isa = PBXFileReference; fileEncoding = 4; lastKnownFileType = sourcecode.c.h; path = MBProgressHUD.h; sourceTree = "<group>"; };
		93EEB5DA192DF1F700BC81CE /* MBProgressHUD.m */ = {isa = PBXFileReference; fileEncoding = 4; lastKnownFileType = sourcecode.c.objc; path = MBProgressHUD.m; sourceTree = "<group>"; };
/* End PBXFileReference section */

/* Begin PBXFrameworksBuildPhase section */
		93EEB585192DF14100BC81CE /* Frameworks */ = {
			isa = PBXFrameworksBuildPhase;
			buildActionMask = 2147483647;
			files = (
				93EEB58E192DF14100BC81CE /* CoreGraphics.framework in Frameworks */,
				93EEB590192DF14100BC81CE /* UIKit.framework in Frameworks */,
				93EEB58C192DF14100BC81CE /* Foundation.framework in Frameworks */,
			);
			runOnlyForDeploymentPostprocessing = 0;
		};
		93EEB5A6192DF14100BC81CE /* Frameworks */ = {
			isa = PBXFrameworksBuildPhase;
			buildActionMask = 2147483647;
			files = (
				93EEB5AB192DF14100BC81CE /* XCTest.framework in Frameworks */,
				93EEB5AD192DF14100BC81CE /* UIKit.framework in Frameworks */,
				93EEB5AC192DF14100BC81CE /* Foundation.framework in Frameworks */,
			);
			runOnlyForDeploymentPostprocessing = 0;
		};
/* End PBXFrameworksBuildPhase section */

/* Begin PBXGroup section */
		93E49BD6192E3C19008EF183 /* Resource */ = {
			isa = PBXGroup;
			children = (
				93E49BD9192E3E8F008EF183 /* skin_default.bundle */,
				93E49BD7192E3C19008EF183 /* resource_common.bundle */,
			);
			path = Resource;
			sourceTree = "<group>";
		};
		93E49BE6192E55FC008EF183 /* Addtional */ = {
			isa = PBXGroup;
			children = (
				93E49BE7192E55FC008EF183 /* Addtional.h */,
				93E49BEC192E55FC008EF183 /* NSDate+NSDateExt.h */,
				93E49BED192E55FC008EF183 /* NSDate+NSDateExt.m */,
				93E49BEE192E55FC008EF183 /* NSDictionary+NSDictionaryExt.h */,
				93E49BEF192E55FC008EF183 /* NSDictionary+NSDictionaryExt.m */,
				93E49BF0192E55FC008EF183 /* NSKeyedUnarchiver+ExceptionCatch.h */,
				93E49BF1192E55FC008EF183 /* NSKeyedUnarchiver+ExceptionCatch.m */,
				93E49BF2192E55FC008EF183 /* NSObject-ClassName.h */,
				93E49BF3192E55FC008EF183 /* NSObject-ClassName.m */,
				93E49BF6192E55FC008EF183 /* NSString+NSStringEx.h */,
				93E49BF7192E55FC008EF183 /* NSString+NSStringEx.m */,
				93E49BFA192E55FC008EF183 /* UIButton+Addictions.h */,
				93E49BFB192E55FC008EF183 /* UIButton+Addictions.m */,
				93E49BFC192E55FC008EF183 /* UIButton+RHCUIButtonExt.h */,
				93E49BFD192E55FC008EF183 /* UIButton+RHCUIButtonExt.m */,
				93E49BFE192E55FC008EF183 /* UIDevice+Addtional.h */,
				93E49BFF192E55FC008EF183 /* UIDevice+Addtional.m */,
				93E49C00192E55FC008EF183 /* UIDevice+UIDeviceExt.h */,
				93E49C01192E55FC008EF183 /* UIDevice+UIDeviceExt.m */,
				93E49C02192E55FC008EF183 /* UIImage+Addtional.h */,
				93E49C03192E55FC008EF183 /* UIImage+Addtional.m */,
				93E49C04192E55FC008EF183 /* UIImage-Extensions.h */,
				93E49C05192E55FC008EF183 /* UIImage-Extensions.m */,
				93E49C06192E55FC008EF183 /* UINavigationBar+Image.h */,
				93E49C07192E55FC008EF183 /* UINavigationBar+Image.m */,
				93E49C0A192E55FC008EF183 /* UITableViewAdditions.h */,
				93E49C0B192E55FC008EF183 /* UITableViewAdditions.m */,
				93E49C0C192E55FC008EF183 /* UIView+Additions.h */,
				93E49C0D192E55FC008EF183 /* UIView+Additions.m */,
				93E49C0E192E55FC008EF183 /* UIWindow+RscExt.h */,
				93E49C0F192E55FC008EF183 /* UIWindow+RscExt.m */,
			);
			path = Addtional;
			sourceTree = "<group>";
		};
		93E49C25192E5AB8008EF183 /* TouchJSON */ = {
			isa = PBXGroup;
			children = (
				93E49C26192E5AB8008EF183 /* CJSONDeserializer.h */,
				93E49C27192E5AB8008EF183 /* CJSONDeserializer.m */,
				93E49C28192E5AB8008EF183 /* CJSONSerializer.h */,
				93E49C29192E5AB8008EF183 /* CJSONSerializer.m */,
				93E49C2A192E5AB8008EF183 /* JSONRepresentation.h */,
				93E49C2B192E5AB8008EF183 /* NSDictionary_JSONExtensions.h */,
				93E49C2C192E5AB8008EF183 /* NSDictionary_JSONExtensions.m */,
			);
			path = TouchJSON;
			sourceTree = "<group>";
		};
		93E49C30192E5CC9008EF183 /* GTM */ = {
			isa = PBXGroup;
			children = (
				93E49C31192E5CC9008EF183 /* GTMBase64.h */,
				93E49C32192E5CC9008EF183 /* GTMBase64.m */,
				93E49C33192E5CC9008EF183 /* GTMDefines.h */,
				93E49C34192E5CC9008EF183 /* GTMStackTrace.h */,
				93E49C35192E5CC9008EF183 /* GTMStackTrace.m */,
			);
			path = GTM;
			sourceTree = "<group>";
		};
		93EA252E192F428B00C36829 /* AFNetworking */ = {
			isa = PBXGroup;
			children = (
				93EA252F192F428B00C36829 /* AFHTTPRequestOperation.h */,
				93EA2530192F428B00C36829 /* AFHTTPRequestOperation.m */,
				93EA2531192F428B00C36829 /* AFHTTPRequestOperationManager.h */,
				93EA2532192F428B00C36829 /* AFHTTPRequestOperationManager.m */,
				93EA2533192F428B00C36829 /* AFHTTPSessionManager.h */,
				93EA2534192F428B00C36829 /* AFHTTPSessionManager.m */,
				93EA2535192F428B00C36829 /* AFNetworking.h */,
				93EA2536192F428B00C36829 /* AFNetworkReachabilityManager.h */,
				93EA2537192F428B00C36829 /* AFNetworkReachabilityManager.m */,
				93EA2538192F428B00C36829 /* AFSecurityPolicy.h */,
				93EA2539192F428B00C36829 /* AFSecurityPolicy.m */,
				93EA253A192F428B00C36829 /* AFURLConnectionOperation.h */,
				93EA253B192F428B00C36829 /* AFURLConnectionOperation.m */,
				93EA253C192F428B00C36829 /* AFURLRequestSerialization.h */,
				93EA253D192F428B00C36829 /* AFURLRequestSerialization.m */,
				93EA253E192F428B00C36829 /* AFURLResponseSerialization.h */,
				93EA253F192F428B00C36829 /* AFURLResponseSerialization.m */,
				93EA2540192F428B00C36829 /* AFURLSessionManager.h */,
				93EA2541192F428B00C36829 /* AFURLSessionManager.m */,
			);
			path = AFNetworking;
			sourceTree = "<group>";
		};
		93EA254D192F44BA00C36829 /* UIKit+AFNetworking */ = {
			isa = PBXGroup;
			children = (
				93EA254E192F44BA00C36829 /* AFNetworkActivityIndicatorManager.h */,
				93EA254F192F44BA00C36829 /* AFNetworkActivityIndicatorManager.m */,
				93EA2550192F44BA00C36829 /* UIActivityIndicatorView+AFNetworking.h */,
				93EA2551192F44BA00C36829 /* UIActivityIndicatorView+AFNetworking.m */,
				93EA2552192F44BA00C36829 /* UIAlertView+AFNetworking.h */,
				93EA2553192F44BA00C36829 /* UIAlertView+AFNetworking.m */,
				93EA2554192F44BA00C36829 /* UIButton+AFNetworking.h */,
				93EA2555192F44BA00C36829 /* UIButton+AFNetworking.m */,
				93EA2556192F44BA00C36829 /* UIImageView+AFNetworking.h */,
				93EA2557192F44BA00C36829 /* UIImageView+AFNetworking.m */,
				93EA2558192F44BA00C36829 /* UIKit+AFNetworking.h */,
				93EA2559192F44BA00C36829 /* UIProgressView+AFNetworking.h */,
				93EA255A192F44BA00C36829 /* UIProgressView+AFNetworking.m */,
				93EA255B192F44BA00C36829 /* UIRefreshControl+AFNetworking.h */,
				93EA255C192F44BA00C36829 /* UIRefreshControl+AFNetworking.m */,
				93EA255D192F44BA00C36829 /* UIWebView+AFNetworking.h */,
				93EA255E192F44BA00C36829 /* UIWebView+AFNetworking.m */,
			);
			path = "UIKit+AFNetworking";
			sourceTree = "<group>";
		};
		93EA2567192F455800C36829 /* Config */ = {
			isa = PBXGroup;
			children = (
				93EA25A6192F559500C36829 /* Configuration.h */,
				93EA25A7192F559500C36829 /* Configuration.m */,
				93EA257E192F4BC800C36829 /* AppKeyChain.h */,
				93EA257F192F4BC800C36829 /* AppKeyChain.m */,
				93EA2578192F48DD00C36829 /* AppNavigator.h */,
				93EA2579192F48DD00C36829 /* AppNavigator.m */,
				93EA256C192F465A00C36829 /* AppConfig.h */,
				93EA256D192F465A00C36829 /* AppConfig.m */,
				93EA256E192F465A00C36829 /* AppContext.h */,
				93EA256F192F465A00C36829 /* AppContext.m */,
				93EA2570192F465A00C36829 /* AppStartup.h */,
				93EA2571192F465A00C36829 /* AppStartup.m */,
				93EA2572192F465A00C36829 /* AppUser.h */,
				93EA2573192F465A00C36829 /* AppUser.m */,
				93EA257B192F49AE00C36829 /* AppNavigationController.h */,
				93EA257C192F49AE00C36829 /* AppNavigationController.m */,
			);
			path = Config;
			sourceTree = "<group>";
		};
		93EA2568192F45BE00C36829 /* SettingManager */ = {
			isa = PBXGroup;
			children = (
				93EA2569192F45BE00C36829 /* RNSettingManager.h */,
				93EA256A192F45BE00C36829 /* RNSettingManager.m */,
			);
			path = SettingManager;
			sourceTree = "<group>";
		};
		93EA2582192F531200C36829 /* Lumberjack */ = {
			isa = PBXGroup;
			children = (
				93EA2583192F531200C36829 /* CLI */,
				93EA2586192F531200C36829 /* DDAbstractDatabaseLogger.h */,
				93EA2587192F531200C36829 /* DDAbstractDatabaseLogger.m */,
				93EA2588192F531200C36829 /* DDASLLogCapture.h */,
				93EA2589192F531200C36829 /* DDASLLogCapture.m */,
				93EA258A192F531200C36829 /* DDASLLogger.h */,
				93EA258B192F531200C36829 /* DDASLLogger.m */,
				93EA258C192F531200C36829 /* DDFileLogger.h */,
				93EA258D192F531200C36829 /* DDFileLogger.m */,
				93EA258E192F531200C36829 /* DDLog+LOGV.h */,
				93EA258F192F531200C36829 /* DDLog.h */,
				93EA2590192F531200C36829 /* DDLog.m */,
				93EA2591192F531200C36829 /* DDTTYLogger.h */,
				93EA2592192F531200C36829 /* DDTTYLogger.m */,
				93EA2593192F531200C36829 /* Extensions */,
			);
			path = Lumberjack;
			sourceTree = "<group>";
		};
		93EA2583192F531200C36829 /* CLI */ = {
			isa = PBXGroup;
			children = (
				93EA2584192F531200C36829 /* CLIColor.h */,
				93EA2585192F531200C36829 /* CLIColor.m */,
			);
			path = CLI;
			sourceTree = "<group>";
		};
		93EA2593192F531200C36829 /* Extensions */ = {
			isa = PBXGroup;
			children = (
				93EA2594192F531200C36829 /* DDContextFilterLogFormatter.h */,
				93EA2595192F531200C36829 /* DDContextFilterLogFormatter.m */,
				93EA2596192F531200C36829 /* DDDispatchQueueLogFormatter.h */,
				93EA2597192F531200C36829 /* DDDispatchQueueLogFormatter.m */,
				93EA2598192F531200C36829 /* DDMultiFormatter.h */,
				93EA2599192F531200C36829 /* DDMultiFormatter.m */,
				93EA259A192F531200C36829 /* README.txt */,
			);
			path = Extensions;
			sourceTree = "<group>";
		};
		93EEB57F192DF14100BC81CE = {
			isa = PBXGroup;
			children = (
				93EEB591192DF14100BC81CE /* Soliton */,
				93EEB5B0192DF14100BC81CE /* SolitonTests */,
				93EEB58A192DF14100BC81CE /* Frameworks */,
				93EEB589192DF14100BC81CE /* Products */,
			);
			sourceTree = "<group>";
		};
		93EEB589192DF14100BC81CE /* Products */ = {
			isa = PBXGroup;
			children = (
				93EEB588192DF14100BC81CE /* Soliton.app */,
				93EEB5A9192DF14100BC81CE /* SolitonTests.xctest */,
			);
			name = Products;
			sourceTree = "<group>";
		};
		93EEB58A192DF14100BC81CE /* Frameworks */ = {
			isa = PBXGroup;
			children = (
				93EEB58B192DF14100BC81CE /* Foundation.framework */,
				93EEB58D192DF14100BC81CE /* CoreGraphics.framework */,
				93EEB58F192DF14100BC81CE /* UIKit.framework */,
				93EEB5AA192DF14100BC81CE /* XCTest.framework */,
			);
			name = Frameworks;
			sourceTree = "<group>";
		};
		93EEB591192DF14100BC81CE /* Soliton */ = {
			isa = PBXGroup;
			children = (
				93EA2567192F455800C36829 /* Config */,
				93E49BE6192E55FC008EF183 /* Addtional */,
				93EEB5D7192DF1F700BC81CE /* ThirdPart */,
				93EEB5C0192DF19100BC81CE /* Tools */,
				93EEB59A192DF14100BC81CE /* SOLAppDelegate.h */,
				93EEB59B192DF14100BC81CE /* SOLAppDelegate.m */,
				93EEB59D192DF14100BC81CE /* Main.storyboard */,
				93EEB5A0192DF14100BC81CE /* SOLViewController.h */,
				93EEB5A1192DF14100BC81CE /* SOLViewController.m */,
				93EEB5A3192DF14100BC81CE /* Images.xcassets */,
				93EEB592192DF14100BC81CE /* Supporting Files */,
			);
			path = Soliton;
			sourceTree = "<group>";
		};
		93EEB592192DF14100BC81CE /* Supporting Files */ = {
			isa = PBXGroup;
			children = (
				93E49C24192E57D1008EF183 /* Defines.h */,
				93EEB593192DF14100BC81CE /* Soliton-Info.plist */,
				93EEB594192DF14100BC81CE /* InfoPlist.strings */,
				93EEB597192DF14100BC81CE /* main.m */,
				93EEB599192DF14100BC81CE /* Soliton-Prefix.pch */,
			);
			name = "Supporting Files";
			sourceTree = "<group>";
		};
		93EEB5B0192DF14100BC81CE /* SolitonTests */ = {
			isa = PBXGroup;
			children = (
				93EEB5B6192DF14100BC81CE /* SolitonTests.m */,
				93EEB5B1192DF14100BC81CE /* Supporting Files */,
			);
			path = SolitonTests;
			sourceTree = "<group>";
		};
		93EEB5B1192DF14100BC81CE /* Supporting Files */ = {
			isa = PBXGroup;
			children = (
				93EEB5B2192DF14100BC81CE /* SolitonTests-Info.plist */,
				93EEB5B3192DF14100BC81CE /* InfoPlist.strings */,
			);
			name = "Supporting Files";
			sourceTree = "<group>";
		};
		93EEB5C0192DF19100BC81CE /* Tools */ = {
			isa = PBXGroup;
			children = (
				93EA2568192F45BE00C36829 /* SettingManager */,
				93EEB5C1192DF19100BC81CE /* HudHelper */,
				93EEB5C4192DF19100BC81CE /* PKResManager */,
			);
			path = Tools;
			sourceTree = "<group>";
		};
		93EEB5C1192DF19100BC81CE /* HudHelper */ = {
			isa = PBXGroup;
			children = (
				93EEB5C2192DF19100BC81CE /* HudHelper.h */,
				93EEB5C3192DF19100BC81CE /* HudHelper.m */,
			);
			path = HudHelper;
			sourceTree = "<group>";
		};
		93EEB5C4192DF19100BC81CE /* PKResManager */ = {
			isa = PBXGroup;
			children = (
				93E49BD6192E3C19008EF183 /* Resource */,
				93EEB5C5192DF19100BC81CE /* Additions */,
				93EEB5CE192DF19100BC81CE /* PKResManager.h */,
				93EEB5CF192DF19100BC81CE /* PKResManager.m */,
				93EEB5D0192DF19100BC81CE /* PKResManagerKit.h */,
			);
			path = PKResManager;
			sourceTree = "<group>";
		};
		93EEB5C5192DF19100BC81CE /* Additions */ = {
			isa = PBXGroup;
			children = (
				93EEB5C6192DF19100BC81CE /* PKAnimation+PKType.h */,
				93EEB5C7192DF19100BC81CE /* PKAnimation+PKType.m */,
				93EEB5C8192DF19100BC81CE /* UIColor+PKColor.h */,
				93EEB5C9192DF19100BC81CE /* UIColor+PKColor.m */,
				93EEB5CA192DF19100BC81CE /* UIFont+PKFont.h */,
				93EEB5CB192DF19100BC81CE /* UIFont+PKFont.m */,
				93EEB5CC192DF19100BC81CE /* UIImage+PKImage.h */,
				93EEB5CD192DF19100BC81CE /* UIImage+PKImage.m */,
			);
			path = Additions;
			sourceTree = "<group>";
		};
		93EEB5D7192DF1F700BC81CE /* ThirdPart */ = {
			isa = PBXGroup;
			children = (
				93EA2582192F531200C36829 /* Lumberjack */,
				93EA254D192F44BA00C36829 /* UIKit+AFNetworking */,
				93EA252E192F428B00C36829 /* AFNetworking */,
				93E49C30192E5CC9008EF183 /* GTM */,
				93E49C25192E5AB8008EF183 /* TouchJSON */,
				93EEB5D8192DF1F700BC81CE /* MBProgressHUD */,
			);
			path = ThirdPart;
			sourceTree = "<group>";
		};
		93EEB5D8192DF1F700BC81CE /* MBProgressHUD */ = {
			isa = PBXGroup;
			children = (
				93EEB5D9192DF1F700BC81CE /* MBProgressHUD.h */,
				93EEB5DA192DF1F700BC81CE /* MBProgressHUD.m */,
			);
			path = MBProgressHUD;
			sourceTree = "<group>";
		};
/* End PBXGroup section */

/* Begin PBXNativeTarget section */
		93EEB587192DF14100BC81CE /* Soliton */ = {
			isa = PBXNativeTarget;
			buildConfigurationList = 93EEB5BA192DF14100BC81CE /* Build configuration list for PBXNativeTarget "Soliton" */;
			buildPhases = (
				93EEB584192DF14100BC81CE /* Sources */,
				93EEB585192DF14100BC81CE /* Frameworks */,
				93EEB586192DF14100BC81CE /* Resources */,
			);
			buildRules = (
			);
			dependencies = (
			);
			name = Soliton;
			productName = Soliton;
			productReference = 93EEB588192DF14100BC81CE /* Soliton.app */;
			productType = "com.apple.product-type.application";
		};
		93EEB5A8192DF14100BC81CE /* SolitonTests */ = {
			isa = PBXNativeTarget;
			buildConfigurationList = 93EEB5BD192DF14100BC81CE /* Build configuration list for PBXNativeTarget "SolitonTests" */;
			buildPhases = (
				93EEB5A5192DF14100BC81CE /* Sources */,
				93EEB5A6192DF14100BC81CE /* Frameworks */,
				93EEB5A7192DF14100BC81CE /* Resources */,
			);
			buildRules = (
			);
			dependencies = (
				93EEB5AF192DF14100BC81CE /* PBXTargetDependency */,
			);
			name = SolitonTests;
			productName = SolitonTests;
			productReference = 93EEB5A9192DF14100BC81CE /* SolitonTests.xctest */;
			productType = "com.apple.product-type.bundle.unit-test";
		};
/* End PBXNativeTarget section */

/* Begin PBXProject section */
		93EEB580192DF14100BC81CE /* Project object */ = {
			isa = PBXProject;
			attributes = {
				CLASSPREFIX = SOL;
				LastUpgradeCheck = 0510;
				ORGANIZATIONNAME = wangtao;
				TargetAttributes = {
					93EEB5A8192DF14100BC81CE = {
						TestTargetID = 93EEB587192DF14100BC81CE;
					};
				};
			};
			buildConfigurationList = 93EEB583192DF14100BC81CE /* Build configuration list for PBXProject "Soliton" */;
			compatibilityVersion = "Xcode 3.2";
			developmentRegion = English;
			hasScannedForEncodings = 0;
			knownRegions = (
				en,
				Base,
			);
			mainGroup = 93EEB57F192DF14100BC81CE;
			productRefGroup = 93EEB589192DF14100BC81CE /* Products */;
			projectDirPath = "";
			projectRoot = "";
			targets = (
				93EEB587192DF14100BC81CE /* Soliton */,
				93EEB5A8192DF14100BC81CE /* SolitonTests */,
			);
		};
/* End PBXProject section */

/* Begin PBXResourcesBuildPhase section */
		93EEB586192DF14100BC81CE /* Resources */ = {
			isa = PBXResourcesBuildPhase;
			buildActionMask = 2147483647;
			files = (
				93EEB5A4192DF14100BC81CE /* Images.xcassets in Resources */,
				93EEB596192DF14100BC81CE /* InfoPlist.strings in Resources */,
				93EEB59F192DF14100BC81CE /* Main.storyboard in Resources */,
				93E49BDA192E3E8F008EF183 /* skin_default.bundle in Resources */,
				93EA25A5192F531200C36829 /* README.txt in Resources */,
				93E49BD8192E3C19008EF183 /* resource_common.bundle in Resources */,
			);
			runOnlyForDeploymentPostprocessing = 0;
		};
		93EEB5A7192DF14100BC81CE /* Resources */ = {
			isa = PBXResourcesBuildPhase;
			buildActionMask = 2147483647;
			files = (
				93EEB5B5192DF14100BC81CE /* InfoPlist.strings in Resources */,
			);
			runOnlyForDeploymentPostprocessing = 0;
		};
/* End PBXResourcesBuildPhase section */

/* Begin PBXSourcesBuildPhase section */
		93EEB584192DF14100BC81CE /* Sources */ = {
			isa = PBXSourcesBuildPhase;
			buildActionMask = 2147483647;
			files = (
				93EA2577192F465A00C36829 /* AppUser.m in Sources */,
				93EA2565192F44BA00C36829 /* UIRefreshControl+AFNetworking.m in Sources */,
				93EA2574192F465A00C36829 /* AppConfig.m in Sources */,
				93E49C1C192E55FC008EF183 /* UIDevice+UIDeviceExt.m in Sources */,
				93EA259B192F531200C36829 /* CLIColor.m in Sources */,
				93E49C1D192E55FC008EF183 /* UIImage+Addtional.m in Sources */,
				93EEB5A2192DF14100BC81CE /* SOLViewController.m in Sources */,
				93EA2566192F44BA00C36829 /* UIWebView+AFNetworking.m in Sources */,
				93EA259C192F531200C36829 /* DDAbstractDatabaseLogger.m in Sources */,
				93E49C23192E55FC008EF183 /* UIWindow+RscExt.m in Sources */,
				93EA25A8192F559500C36829 /* Configuration.m in Sources */,
				93EA259D192F531200C36829 /* DDASLLogCapture.m in Sources */,
				93EA25A3192F531200C36829 /* DDDispatchQueueLogFormatter.m in Sources */,
				93EA2564192F44BA00C36829 /* UIProgressView+AFNetworking.m in Sources */,
				93EA255F192F44BA00C36829 /* AFNetworkActivityIndicatorManager.m in Sources */,
				93EA2547192F428B00C36829 /* AFURLConnectionOperation.m in Sources */,
				93E49C12192E55FC008EF183 /* NSDate+NSDateExt.m in Sources */,
				93E49C14192E55FC008EF183 /* NSKeyedUnarchiver+ExceptionCatch.m in Sources */,
				93E49C2D192E5AB8008EF183 /* CJSONDeserializer.m in Sources */,
				93E49C37192E5CC9008EF183 /* GTMStackTrace.m in Sources */,
				93EEB5D2192DF19100BC81CE /* PKAnimation+PKType.m in Sources */,
				93EA25A4192F531200C36829 /* DDMultiFormatter.m in Sources */,
				93EEB5D4192DF19100BC81CE /* UIFont+PKFont.m in Sources */,
				93EA257A192F48DD00C36829 /* AppNavigator.m in Sources */,
				93EA2562192F44BA00C36829 /* UIButton+AFNetworking.m in Sources */,
				93EA2548192F428B00C36829 /* AFURLRequestSerialization.m in Sources */,
				93E49C1F192E55FC008EF183 /* UINavigationBar+Image.m in Sources */,
				93E49C1A192E55FC008EF183 /* UIButton+RHCUIButtonExt.m in Sources */,
				93EEB5D6192DF19100BC81CE /* PKResManager.m in Sources */,
				93EA2576192F465A00C36829 /* AppStartup.m in Sources */,
				93EA2580192F4BC800C36829 /* AppKeyChain.m in Sources */,
				93EA2575192F465A00C36829 /* AppContext.m in Sources */,
				93E49C13192E55FC008EF183 /* NSDictionary+NSDictionaryExt.m in Sources */,
				93EA25A2192F531200C36829 /* DDContextFilterLogFormatter.m in Sources */,
				93EEB598192DF14100BC81CE /* main.m in Sources */,
				93EA256B192F45BE00C36829 /* RNSettingManager.m in Sources */,
				93E49C1B192E55FC008EF183 /* UIDevice+Addtional.m in Sources */,
				93E49C22192E55FC008EF183 /* UIView+Additions.m in Sources */,
				93EEB59C192DF14100BC81CE /* SOLAppDelegate.m in Sources */,
				93EA259E192F531200C36829 /* DDASLLogger.m in Sources */,
				93E49C1E192E55FC008EF183 /* UIImage-Extensions.m in Sources */,
				93E49C15192E55FC008EF183 /* NSObject-ClassName.m in Sources */,
				93E49C36192E5CC9008EF183 /* GTMBase64.m in Sources */,
				93EA2546192F428B00C36829 /* AFSecurityPolicy.m in Sources */,
				93EA254A192F428B00C36829 /* AFURLSessionManager.m in Sources */,
				93E49C2E192E5AB8008EF183 /* CJSONSerializer.m in Sources */,
				93EA2543192F428B00C36829 /* AFHTTPRequestOperationManager.m in Sources */,
				93E49C17192E55FC008EF183 /* NSString+NSStringEx.m in Sources */,
				93EEB5D3192DF19100BC81CE /* UIColor+PKColor.m in Sources */,
				93EA2563192F44BA00C36829 /* UIImageView+AFNetworking.m in Sources */,
				93EA2561192F44BA00C36829 /* UIAlertView+AFNetworking.m in Sources */,
				93EA2549192F428B00C36829 /* AFURLResponseSerialization.m in Sources */,
				93EEB5DB192DF1F700BC81CE /* MBProgressHUD.m in Sources */,
				93EA259F192F531200C36829 /* DDFileLogger.m in Sources */,
				93EEB5D5192DF19100BC81CE /* UIImage+PKImage.m in Sources */,
				93EA2544192F428B00C36829 /* AFHTTPSessionManager.m in Sources */,
				93EA2545192F428B00C36829 /* AFNetworkReachabilityManager.m in Sources */,
				93EEB5D1192DF19100BC81CE /* HudHelper.m in Sources */,
				93EA2542192F428B00C36829 /* AFHTTPRequestOperation.m in Sources */,
				93EA257D192F49AE00C36829 /* AppNavigationController.m in Sources */,
				93E49C2F192E5AB8008EF183 /* NSDictionary_JSONExtensions.m in Sources */,
				93EA2560192F44BA00C36829 /* UIActivityIndicatorView+AFNetworking.m in Sources */,
				93E49C21192E55FC008EF183 /* UITableViewAdditions.m in Sources */,
				93EA25A1192F531200C36829 /* DDTTYLogger.m in Sources */,
				93E49C19192E55FC008EF183 /* UIButton+Addictions.m in Sources */,
				93EA25A0192F531200C36829 /* DDLog.m in Sources */,
			);
			runOnlyForDeploymentPostprocessing = 0;
		};
		93EEB5A5192DF14100BC81CE /* Sources */ = {
			isa = PBXSourcesBuildPhase;
			buildActionMask = 2147483647;
			files = (
				93EEB5B7192DF14100BC81CE /* SolitonTests.m in Sources */,
			);
			runOnlyForDeploymentPostprocessing = 0;
		};
/* End PBXSourcesBuildPhase section */

/* Begin PBXTargetDependency section */
		93EEB5AF192DF14100BC81CE /* PBXTargetDependency */ = {
			isa = PBXTargetDependency;
			target = 93EEB587192DF14100BC81CE /* Soliton */;
			targetProxy = 93EEB5AE192DF14100BC81CE /* PBXContainerItemProxy */;
		};
/* End PBXTargetDependency section */

/* Begin PBXVariantGroup section */
		93EEB594192DF14100BC81CE /* InfoPlist.strings */ = {
			isa = PBXVariantGroup;
			children = (
				93EEB595192DF14100BC81CE /* en */,
			);
			name = InfoPlist.strings;
			sourceTree = "<group>";
		};
		93EEB59D192DF14100BC81CE /* Main.storyboard */ = {
			isa = PBXVariantGroup;
			children = (
				93EEB59E192DF14100BC81CE /* Base */,
			);
			name = Main.storyboard;
			sourceTree = "<group>";
		};
		93EEB5B3192DF14100BC81CE /* InfoPlist.strings */ = {
			isa = PBXVariantGroup;
			children = (
				93EEB5B4192DF14100BC81CE /* en */,
			);
			name = InfoPlist.strings;
			sourceTree = "<group>";
		};
/* End PBXVariantGroup section */

/* Begin XCBuildConfiguration section */
		93EEB5B8192DF14100BC81CE /* Debug */ = {
			isa = XCBuildConfiguration;
			buildSettings = {
				ALWAYS_SEARCH_USER_PATHS = NO;
				CLANG_CXX_LANGUAGE_STANDARD = "gnu++0x";
				CLANG_CXX_LIBRARY = "libc++";
				CLANG_ENABLE_MODULES = YES;
				CLANG_ENABLE_OBJC_ARC = YES;
				CLANG_WARN_BOOL_CONVERSION = YES;
				CLANG_WARN_CONSTANT_CONVERSION = YES;
				CLANG_WARN_DIRECT_OBJC_ISA_USAGE = YES_ERROR;
				CLANG_WARN_EMPTY_BODY = YES;
				CLANG_WARN_ENUM_CONVERSION = YES;
				CLANG_WARN_INT_CONVERSION = YES;
				CLANG_WARN_OBJC_ROOT_CLASS = YES_ERROR;
				CLANG_WARN__DUPLICATE_METHOD_MATCH = YES;
				"CODE_SIGN_IDENTITY[sdk=iphoneos*]" = "iPhone Developer";
				COPY_PHASE_STRIP = NO;
				GCC_C_LANGUAGE_STANDARD = gnu99;
				GCC_DYNAMIC_NO_PIC = NO;
				GCC_OPTIMIZATION_LEVEL = 0;
				GCC_PREPROCESSOR_DEFINITIONS = (
					"DEBUG=1",
					"$(inherited)",
				);
				GCC_SYMBOLS_PRIVATE_EXTERN = NO;
				GCC_WARN_64_TO_32_BIT_CONVERSION = YES;
				GCC_WARN_ABOUT_RETURN_TYPE = YES_ERROR;
				GCC_WARN_UNDECLARED_SELECTOR = YES;
				GCC_WARN_UNINITIALIZED_AUTOS = YES_AGGRESSIVE;
				GCC_WARN_UNUSED_FUNCTION = YES;
				GCC_WARN_UNUSED_VARIABLE = YES;
				IPHONEOS_DEPLOYMENT_TARGET = 7.1;
				ONLY_ACTIVE_ARCH = YES;
				SDKROOT = iphoneos;
			};
			name = Debug;
		};
		93EEB5B9192DF14100BC81CE /* Release */ = {
			isa = XCBuildConfiguration;
			buildSettings = {
				ALWAYS_SEARCH_USER_PATHS = NO;
				CLANG_CXX_LANGUAGE_STANDARD = "gnu++0x";
				CLANG_CXX_LIBRARY = "libc++";
				CLANG_ENABLE_MODULES = YES;
				CLANG_ENABLE_OBJC_ARC = YES;
				CLANG_WARN_BOOL_CONVERSION = YES;
				CLANG_WARN_CONSTANT_CONVERSION = YES;
				CLANG_WARN_DIRECT_OBJC_ISA_USAGE = YES_ERROR;
				CLANG_WARN_EMPTY_BODY = YES;
				CLANG_WARN_ENUM_CONVERSION = YES;
				CLANG_WARN_INT_CONVERSION = YES;
				CLANG_WARN_OBJC_ROOT_CLASS = YES_ERROR;
				CLANG_WARN__DUPLICATE_METHOD_MATCH = YES;
				"CODE_SIGN_IDENTITY[sdk=iphoneos*]" = "iPhone Developer";
				COPY_PHASE_STRIP = YES;
				ENABLE_NS_ASSERTIONS = NO;
				GCC_C_LANGUAGE_STANDARD = gnu99;
				GCC_WARN_64_TO_32_BIT_CONVERSION = YES;
				GCC_WARN_ABOUT_RETURN_TYPE = YES_ERROR;
				GCC_WARN_UNDECLARED_SELECTOR = YES;
				GCC_WARN_UNINITIALIZED_AUTOS = YES_AGGRESSIVE;
				GCC_WARN_UNUSED_FUNCTION = YES;
				GCC_WARN_UNUSED_VARIABLE = YES;
				IPHONEOS_DEPLOYMENT_TARGET = 7.1;
				SDKROOT = iphoneos;
				VALIDATE_PRODUCT = YES;
			};
			name = Release;
		};
		93EEB5BB192DF14100BC81CE /* Debug */ = {
			isa = XCBuildConfiguration;
			buildSettings = {
				ASSETCATALOG_COMPILER_APPICON_NAME = AppIcon;
				ASSETCATALOG_COMPILER_LAUNCHIMAGE_NAME = LaunchImage;
				GCC_PRECOMPILE_PREFIX_HEADER = YES;
				GCC_PREFIX_HEADER = "Soliton/Soliton-Prefix.pch";
				INFOPLIST_FILE = "Soliton/Soliton-Info.plist";
				PRODUCT_NAME = "$(TARGET_NAME)";
				WRAPPER_EXTENSION = app;
			};
			name = Debug;
		};
		93EEB5BC192DF14100BC81CE /* Release */ = {
			isa = XCBuildConfiguration;
			buildSettings = {
				ASSETCATALOG_COMPILER_APPICON_NAME = AppIcon;
				ASSETCATALOG_COMPILER_LAUNCHIMAGE_NAME = LaunchImage;
				GCC_PRECOMPILE_PREFIX_HEADER = YES;
				GCC_PREFIX_HEADER = "Soliton/Soliton-Prefix.pch";
				INFOPLIST_FILE = "Soliton/Soliton-Info.plist";
				PRODUCT_NAME = "$(TARGET_NAME)";
				WRAPPER_EXTENSION = app;
			};
			name = Release;
		};
		93EEB5BE192DF14100BC81CE /* Debug */ = {
			isa = XCBuildConfiguration;
			buildSettings = {
				BUNDLE_LOADER = "$(BUILT_PRODUCTS_DIR)/Soliton.app/Soliton";
				FRAMEWORK_SEARCH_PATHS = (
					"$(SDKROOT)/Developer/Library/Frameworks",
					"$(inherited)",
					"$(DEVELOPER_FRAMEWORKS_DIR)",
				);
				GCC_PRECOMPILE_PREFIX_HEADER = YES;
				GCC_PREFIX_HEADER = "Soliton/Soliton-Prefix.pch";
				GCC_PREPROCESSOR_DEFINITIONS = (
					"DEBUG=1",
					"$(inherited)",
				);
				INFOPLIST_FILE = "SolitonTests/SolitonTests-Info.plist";
				PRODUCT_NAME = "$(TARGET_NAME)";
				TEST_HOST = "$(BUNDLE_LOADER)";
				WRAPPER_EXTENSION = xctest;
			};
			name = Debug;
		};
		93EEB5BF192DF14100BC81CE /* Release */ = {
			isa = XCBuildConfiguration;
			buildSettings = {
				BUNDLE_LOADER = "$(BUILT_PRODUCTS_DIR)/Soliton.app/Soliton";
				FRAMEWORK_SEARCH_PATHS = (
					"$(SDKROOT)/Developer/Library/Frameworks",
					"$(inherited)",
					"$(DEVELOPER_FRAMEWORKS_DIR)",
				);
				GCC_PRECOMPILE_PREFIX_HEADER = YES;
				GCC_PREFIX_HEADER = "Soliton/Soliton-Prefix.pch";
				INFOPLIST_FILE = "SolitonTests/SolitonTests-Info.plist";
				PRODUCT_NAME = "$(TARGET_NAME)";
				TEST_HOST = "$(BUNDLE_LOADER)";
				WRAPPER_EXTENSION = xctest;
			};
			name = Release;
		};
/* End XCBuildConfiguration section */

/* Begin XCConfigurationList section */
		93EEB583192DF14100BC81CE /* Build configuration list for PBXProject "Soliton" */ = {
			isa = XCConfigurationList;
			buildConfigurations = (
				93EEB5B8192DF14100BC81CE /* Debug */,
				93EEB5B9192DF14100BC81CE /* Release */,
			);
			defaultConfigurationIsVisible = 0;
			defaultConfigurationName = Release;
		};
		93EEB5BA192DF14100BC81CE /* Build configuration list for PBXNativeTarget "Soliton" */ = {
			isa = XCConfigurationList;
			buildConfigurations = (
				93EEB5BB192DF14100BC81CE /* Debug */,
				93EEB5BC192DF14100BC81CE /* Release */,
			);
			defaultConfigurationIsVisible = 0;
			defaultConfigurationName = Release;
		};
		93EEB5BD192DF14100BC81CE /* Build configuration list for PBXNativeTarget "SolitonTests" */ = {
			isa = XCConfigurationList;
			buildConfigurations = (
				93EEB5BE192DF14100BC81CE /* Debug */,
				93EEB5BF192DF14100BC81CE /* Release */,
			);
			defaultConfigurationIsVisible = 0;
			defaultConfigurationName = Release;
		};
/* End XCConfigurationList section */
	};
	rootObject = 93EEB580192DF14100BC81CE /* Project object */;
}
